PODS:
  - Firebase/Core (5.15.0):
    - Firebase/CoreOnly
    - FirebaseAnalytics (= 5.4.0)
  - Firebase/CoreOnly (5.15.0):
    - FirebaseCore (= 5.1.10)
  - Firebase/Messaging (5.15.0):
    - Firebase/CoreOnly
    - FirebaseMessaging (= 3.2.2)
  - firebase_messaging (0.0.1):
    - Firebase/Core
    - Firebase/Messaging
    - Flutter
  - FirebaseAnalytics (5.4.0):
    - FirebaseCore (~> 5.1)
    - FirebaseInstanceID (~> 3.3)
    - GoogleAppMeasurement (= 5.4.0)
    - GoogleUtilities/AppDelegateSwizzler (~> 5.2)
    - GoogleUtilities/MethodSwizzler (~> 5.2)
    - GoogleUtilities/Network (~> 5.2)
    - "GoogleUtilities/NSData+zlib (~> 5.2)"
    - nanopb (~> 0.3)
  - FirebaseAnalyticsInterop (1.1.0)
  - FirebaseCore (5.1.10):
    - GoogleUtilities/Logger (~> 5.2)
  - FirebaseInstanceID (3.3.0):
    - FirebaseCore (~> 5.1)
    - GoogleUtilities/Environment (~> 5.3)
    - GoogleUtilities/UserDefaults (~> 5.3)
  - FirebaseMessaging (3.2.2):
    - FirebaseAnalyticsInterop (~> 1.1)
    - FirebaseCore (~> 5.1)
    - FirebaseInstanceID (~> 3.0)
    - GoogleUtilities/Environment (~> 5.2)
    - GoogleUtilities/Reachability (~> 5.2)
    - Protobuf (~> 3.1)
  - Flutter (1.0.0)
  - flutter_local_notifications (0.0.1):
    - Flutter
  - google_maps_flutter (0.0.1):
    - Flutter
    - GoogleMaps
  - GoogleAppMeasurement (5.4.0):
    - GoogleUtilities/AppDelegateSwizzler (~> 5.2)
    - GoogleUtilities/MethodSwizzler (~> 5.2)
    - GoogleUtilities/Network (~> 5.2)
    - "GoogleUtilities/NSData+zlib (~> 5.2)"
    - nanopb (~> 0.3)
  - GoogleMaps (2.7.0):
    - GoogleMaps/Maps (= 2.7.0)
  - GoogleMaps/Base (2.7.0)
  - GoogleMaps/Maps (2.7.0):
    - GoogleMaps/Base
  - GoogleUtilities/AppDelegateSwizzler (5.3.6):
    - GoogleUtilities/Environment
    - GoogleUtilities/Logger
    - GoogleUtilities/Network
  - GoogleUtilities/Environment (5.3.6)
  - GoogleUtilities/Logger (5.3.6):
    - GoogleUtilities/Environment
  - GoogleUtilities/MethodSwizzler (5.3.6):
    - GoogleUtilities/Logger
  - GoogleUtilities/Network (5.3.6):
    - GoogleUtilities/Logger
    - "GoogleUtilities/NSData+zlib"
    - GoogleUtilities/Reachability
  - "GoogleUtilities/NSData+zlib (5.3.6)"
  - GoogleUtilities/Reachability (5.3.6):
    - GoogleUtilities/Logger
  - GoogleUtilities/UserDefaults (5.3.6):
    - GoogleUtilities/Logger
  - nanopb (0.3.901):
    - nanopb/decode (= 0.3.901)
    - nanopb/encode (= 0.3.901)
  - nanopb/decode (0.3.901)
  - nanopb/encode (0.3.901)
  - Protobuf (3.6.1)
  - qr_reader (0.0.1):
    - Flutter
  - shared_preferences (0.0.1):
    - Flutter
  - url_launcher (0.0.1):
    - Flutter

DEPENDENCIES:
  - "firebase_messaging (from `/Users/brandonroberge/.pub-cache/hosted/pub.dartlang.org/firebase_messaging-2.2.0+1/ios`)"
  - Flutter (from `/Users/brandonroberge/flutter/bin/cache/artifacts/engine/ios`)
  - flutter_local_notifications (from `/Users/brandonroberge/.pub-cache/hosted/pub.dartlang.org/flutter_local_notifications-0.4.5/ios`)
  - "google_maps_flutter (from `/Users/brandonroberge/.pub-cache/hosted/pub.dartlang.org/google_maps_flutter-0.3.0+2/ios`)"
  - qr_reader (from `/Users/brandonroberge/.pub-cache/hosted/pub.dartlang.org/qr_reader-0.1.3/ios`)
  - shared_preferences (from `/Users/brandonroberge/.pub-cache/hosted/pub.dartlang.org/shared_preferences-0.4.3/ios`)
  - "url_launcher (from `/Users/brandonroberge/.pub-cache/hosted/pub.dartlang.org/url_launcher-4.2.0+3/ios`)"

SPEC REPOS:
  https://github.com/cocoapods/specs.git:
    - Firebase
    - FirebaseAnalytics
    - FirebaseAnalyticsInterop
    - FirebaseCore
    - FirebaseInstanceID
    - FirebaseMessaging
    - GoogleAppMeasurement
    - GoogleMaps
    - GoogleUtilities
    - nanopb
    - Protobuf

EXTERNAL SOURCES:
  firebase_messaging:
    :path: "/Users/brandonroberge/.pub-cache/hosted/pub.dartlang.org/firebase_messaging-2.2.0+1/ios"
  Flutter:
    :path: "/Users/brandonroberge/flutter/bin/cache/artifacts/engine/ios"
  flutter_local_notifications:
    :path: "/Users/brandonroberge/.pub-cache/hosted/pub.dartlang.org/flutter_local_notifications-0.4.5/ios"
  google_maps_flutter:
    :path: "/Users/brandonroberge/.pub-cache/hosted/pub.dartlang.org/google_maps_flutter-0.3.0+2/ios"
  qr_reader:
    :path: "/Users/brandonroberge/.pub-cache/hosted/pub.dartlang.org/qr_reader-0.1.3/ios"
  shared_preferences:
    :path: "/Users/brandonroberge/.pub-cache/hosted/pub.dartlang.org/shared_preferences-0.4.3/ios"
  url_launcher:
    :path: "/Users/brandonroberge/.pub-cache/hosted/pub.dartlang.org/url_launcher-4.2.0+3/ios"

SPEC CHECKSUMS:
  Firebase: 8bb9268bff82374f2cbaaabb143e725743c316ae
  firebase_messaging: a5f5d4a9491b660f33a1f94bd0596558f820bad1
  FirebaseAnalytics: c06f9d70577d79074214700a71fd5d39de5550fb
  FirebaseAnalyticsInterop: e5f21be9af6548372e2f0815834ff909bff395a2
  FirebaseCore: 35747502d9e8c6ee217385ad04446c7c2aaf9c5c
  FirebaseInstanceID: e2fa4cb35ef5558c200f7f0ad8a53e212215f93e
  FirebaseMessaging: b412996f6a09337d232bb3a6676ce4d1f353d024
  Flutter: 9d0fac939486c9aba2809b7982dfdbb47a7b0296
  flutter_local_notifications: 696a74904e0a0ab754e27a5f761da4a7f9153710
  google_maps_flutter: 6449d5918d3f1a69a37dc9c557bbad7bb9bcf0e9
  GoogleAppMeasurement: 98b71f5e04142793729a5ef23e5b96651ff4b70f
  GoogleMaps: f79af95cb24d869457b1f961c93d3ce8b2f3b848
  GoogleUtilities: 95996bea7c7d9b8fb811b7507669a4a8762f80c7
  nanopb: 2901f78ea1b7b4015c860c2fdd1ea2fee1a18d48
  Protobuf: 1eb9700044745f00181c136ef21b8ff3ad5a0fd5
  qr_reader: e49a76f945bd53335eb4caf6c4c719c26dd80986
  shared_preferences: 5a1d487c427ee18fcd3ea1f2a131569481834b53
  url_launcher: 92b89c1029a0373879933c21642958c874539095

PODFILE CHECKSUM: cc70c01bca487bebd110b87397f017f3b76a89f1

COCOAPODS: 1.5.3
